// !$*UTF8*$!
{
	archiveVersion = 1;
	classes = {
	};
	objectVersion = 56;
	objects = {

/* Begin PBXBuildFile section */
		3FF324EE28EE52F0009723BA /* AppDelegate.swift in Sources */ = {isa = PBXBuildFile; fileRef = 3FF324ED28EE52F0009723BA /* AppDelegate.swift */; };
		3FF324F028EE52F0009723BA /* SceneDelegate.swift in Sources */ = {isa = PBXBuildFile; fileRef = 3FF324EF28EE52F0009723BA /* SceneDelegate.swift */; };
		3FF324F228EE52F0009723BA /* ViewController.swift in Sources */ = {isa = PBXBuildFile; fileRef = 3FF324F128EE52F0009723BA /* ViewController.swift */; };
		3FF324F528EE52F0009723BA /* Main.storyboard in Resources */ = {isa = PBXBuildFile; fileRef = 3FF324F328EE52F0009723BA /* Main.storyboard */; };
		3FF324F728EE52F4009723BA /* Assets.xcassets in Resources */ = {isa = PBXBuildFile; fileRef = 3FF324F628EE52F4009723BA /* Assets.xcassets */; };
		3FF324FA28EE52F4009723BA /* LaunchScreen.storyboard in Resources */ = {isa = PBXBuildFile; fileRef = 3FF324F828EE52F4009723BA /* LaunchScreen.storyboard */; };
		3FF3250528EE52F4009723BA /* IOSClubProject1Tests.swift in Sources */ = {isa = PBXBuildFile; fileRef = 3FF3250428EE52F4009723BA /* IOSClubProject1Tests.swift */; };
		3FF3250F28EE52F4009723BA /* IOSClubProject1UITests.swift in Sources */ = {isa = PBXBuildFile; fileRef = 3FF3250E28EE52F4009723BA /* IOSClubProject1UITests.swift */; };
		3FF3251128EE52F4009723BA /* IOSClubProject1UITestsLaunchTests.swift in Sources */ = {isa = PBXBuildFile; fileRef = 3FF3251028EE52F4009723BA /* IOSClubProject1UITestsLaunchTests.swift */; };
		5F15A6B7290A0D6C004619AB /* RegisterPage.storyboard in Resources */ = {isa = PBXBuildFile; fileRef = 5F15A6B6290A0D6C004619AB /* RegisterPage.storyboard */; };
		5F15A6BA290A1062004619AB /* FirebaseAuth in Frameworks */ = {isa = PBXBuildFile; productRef = 5F15A6B9290A1062004619AB /* FirebaseAuth */; };
		5F15A6BC290A1062004619AB /* FirebaseAuthCombine-Community in Frameworks */ = {isa = PBXBuildFile; productRef = 5F15A6BB290A1062004619AB /* FirebaseAuthCombine-Community */; };
		5F15A6BE290A1062004619AB /* FirebaseDatabase in Frameworks */ = {isa = PBXBuildFile; productRef = 5F15A6BD290A1062004619AB /* FirebaseDatabase */; };
		5F15A6C0290A1062004619AB /* FirebaseDatabaseSwift in Frameworks */ = {isa = PBXBuildFile; productRef = 5F15A6BF290A1062004619AB /* FirebaseDatabaseSwift */; };
		5F15A6C2290A1062004619AB /* FirebaseDynamicLinks in Frameworks */ = {isa = PBXBuildFile; productRef = 5F15A6C1290A1062004619AB /* FirebaseDynamicLinks */; };
		5F15A6C4290A1062004619AB /* FirebaseFirestore in Frameworks */ = {isa = PBXBuildFile; productRef = 5F15A6C3290A1062004619AB /* FirebaseFirestore */; };
		5F15A6C6290A1062004619AB /* FirebaseFirestoreCombine-Community in Frameworks */ = {isa = PBXBuildFile; productRef = 5F15A6C5290A1062004619AB /* FirebaseFirestoreCombine-Community */; };
		5F15A6C8290A1062004619AB /* FirebaseFirestoreSwift in Frameworks */ = {isa = PBXBuildFile; productRef = 5F15A6C7290A1062004619AB /* FirebaseFirestoreSwift */; };
		5F15A6CA290A1062004619AB /* FirebaseInAppMessaging-Beta in Frameworks */ = {isa = PBXBuildFile; productRef = 5F15A6C9290A1062004619AB /* FirebaseInAppMessaging-Beta */; };
		5F15A6CC290A1062004619AB /* FirebaseInAppMessagingSwift-Beta in Frameworks */ = {isa = PBXBuildFile; productRef = 5F15A6CB290A1062004619AB /* FirebaseInAppMessagingSwift-Beta */; };
		5F15A6CE290A1062004619AB /* FirebaseMessaging in Frameworks */ = {isa = PBXBuildFile; productRef = 5F15A6CD290A1062004619AB /* FirebaseMessaging */; };
		5F15A6D0290A1062004619AB /* FirebaseStorage in Frameworks */ = {isa = PBXBuildFile; productRef = 5F15A6CF290A1062004619AB /* FirebaseStorage */; };
		5F15A6D2290A1062004619AB /* FirebaseStorageCombine-Community in Frameworks */ = {isa = PBXBuildFile; productRef = 5F15A6D1290A1062004619AB /* FirebaseStorageCombine-Community */; };
/* End PBXBuildFile section */

/* Begin PBXContainerItemProxy section */
		3FF3250128EE52F4009723BA /* PBXContainerItemProxy */ = {
			isa = PBXContainerItemProxy;
			containerPortal = 3FF324E228EE52F0009723BA /* Project object */;
			proxyType = 1;
			remoteGlobalIDString = 3FF324E928EE52F0009723BA;
			remoteInfo = IOSClubProject1;
		};
		3FF3250B28EE52F4009723BA /* PBXContainerItemProxy */ = {
			isa = PBXContainerItemProxy;
			containerPortal = 3FF324E228EE52F0009723BA /* Project object */;
			proxyType = 1;
			remoteGlobalIDString = 3FF324E928EE52F0009723BA;
			remoteInfo = IOSClubProject1;
		};
/* End PBXContainerItemProxy section */

/* Begin PBXFileReference section */
		3FF324EA28EE52F0009723BA /* IOSClubProject1.app */ = {isa = PBXFileReference; explicitFileType = wrapper.application; includeInIndex = 0; path = IOSClubProject1.app; sourceTree = BUILT_PRODUCTS_DIR; };
		3FF324ED28EE52F0009723BA /* AppDelegate.swift */ = {isa = PBXFileReference; lastKnownFileType = sourcecode.swift; path = AppDelegate.swift; sourceTree = "<group>"; };
		3FF324EF28EE52F0009723BA /* SceneDelegate.swift */ = {isa = PBXFileReference; lastKnownFileType = sourcecode.swift; path = SceneDelegate.swift; sourceTree = "<group>"; };
		3FF324F128EE52F0009723BA /* ViewController.swift */ = {isa = PBXFileReference; lastKnownFileType = sourcecode.swift; path = ViewController.swift; sourceTree = "<group>"; };
		3FF324F428EE52F0009723BA /* Base */ = {isa = PBXFileReference; lastKnownFileType = file.storyboard; name = Base; path = Base.lproj/Main.storyboard; sourceTree = "<group>"; };
		3FF324F628EE52F4009723BA /* Assets.xcassets */ = {isa = PBXFileReference; lastKnownFileType = folder.assetcatalog; path = Assets.xcassets; sourceTree = "<group>"; };
		3FF324F928EE52F4009723BA /* Base */ = {isa = PBXFileReference; lastKnownFileType = file.storyboard; name = Base; path = Base.lproj/LaunchScreen.storyboard; sourceTree = "<group>"; };
		3FF324FB28EE52F4009723BA /* Info.plist */ = {isa = PBXFileReference; lastKnownFileType = text.plist.xml; path = Info.plist; sourceTree = "<group>"; };
		3FF3250028EE52F4009723BA /* IOSClubProject1Tests.xctest */ = {isa = PBXFileReference; explicitFileType = wrapper.cfbundle; includeInIndex = 0; path = IOSClubProject1Tests.xctest; sourceTree = BUILT_PRODUCTS_DIR; };
		3FF3250428EE52F4009723BA /* IOSClubProject1Tests.swift */ = {isa = PBXFileReference; lastKnownFileType = sourcecode.swift; path = IOSClubProject1Tests.swift; sourceTree = "<group>"; };
		3FF3250A28EE52F4009723BA /* IOSClubProject1UITests.xctest */ = {isa = PBXFileReference; explicitFileType = wrapper.cfbundle; includeInIndex = 0; path = IOSClubProject1UITests.xctest; sourceTree = BUILT_PRODUCTS_DIR; };
		3FF3250E28EE52F4009723BA /* IOSClubProject1UITests.swift */ = {isa = PBXFileReference; lastKnownFileType = sourcecode.swift; path = IOSClubProject1UITests.swift; sourceTree = "<group>"; };
		3FF3251028EE52F4009723BA /* IOSClubProject1UITestsLaunchTests.swift */ = {isa = PBXFileReference; lastKnownFileType = sourcecode.swift; path = IOSClubProject1UITestsLaunchTests.swift; sourceTree = "<group>"; };
		5F15A6B6290A0D6C004619AB /* RegisterPage.storyboard */ = {isa = PBXFileReference; lastKnownFileType = file.storyboard; path = RegisterPage.storyboard; sourceTree = "<group>"; };
/* End PBXFileReference section */

/* Begin PBXFrameworksBuildPhase section */
		3FF324E728EE52F0009723BA /* Frameworks */ = {
			isa = PBXFrameworksBuildPhase;
			buildActionMask = 2147483647;
			files = (
				5F15A6C0290A1062004619AB /* FirebaseDatabaseSwift in Frameworks */,
				5F15A6BE290A1062004619AB /* FirebaseDatabase in Frameworks */,
				5F15A6CC290A1062004619AB /* FirebaseInAppMessagingSwift-Beta in Frameworks */,
				5F15A6D2290A1062004619AB /* FirebaseStorageCombine-Community in Frameworks */,
				5F15A6CA290A1062004619AB /* FirebaseInAppMessaging-Beta in Frameworks */,
				5F15A6BA290A1062004619AB /* FirebaseAuth in Frameworks */,
				5F15A6D0290A1062004619AB /* FirebaseStorage in Frameworks */,
				5F15A6BC290A1062004619AB /* FirebaseAuthCombine-Community in Frameworks */,
				5F15A6C2290A1062004619AB /* FirebaseDynamicLinks in Frameworks */,
				5F15A6C4290A1062004619AB /* FirebaseFirestore in Frameworks */,
				5F15A6C6290A1062004619AB /* FirebaseFirestoreCombine-Community in Frameworks */,
				5F15A6CE290A1062004619AB /* FirebaseMessaging in Frameworks */,
				5F15A6C8290A1062004619AB /* FirebaseFirestoreSwift in Frameworks */,
			);
			runOnlyForDeploymentPostprocessing = 0;
		};
		3FF324FD28EE52F4009723BA /* Frameworks */ = {
			isa = PBXFrameworksBuildPhase;
			buildActionMask = 2147483647;
			files = (
			);
			runOnlyForDeploymentPostprocessing = 0;
		};
		3FF3250728EE52F4009723BA /* Frameworks */ = {
			isa = PBXFrameworksBuildPhase;
			buildActionMask = 2147483647;
			files = (
			);
			runOnlyForDeploymentPostprocessing = 0;
		};
/* End PBXFrameworksBuildPhase section */

/* Begin PBXGroup section */
		3FF324E128EE52F0009723BA = {
			isa = PBXGroup;
			children = (
				3FF324EC28EE52F0009723BA /* IOSClubProject1 */,
				3FF3250328EE52F4009723BA /* IOSClubProject1Tests */,
				3FF3250D28EE52F4009723BA /* IOSClubProject1UITests */,
				3FF324EB28EE52F0009723BA /* Products */,
			);
			sourceTree = "<group>";
		};
		3FF324EB28EE52F0009723BA /* Products */ = {
			isa = PBXGroup;
			children = (
				3FF324EA28EE52F0009723BA /* IOSClubProject1.app */,
				3FF3250028EE52F4009723BA /* IOSClubProject1Tests.xctest */,
				3FF3250A28EE52F4009723BA /* IOSClubProject1UITests.xctest */,
			);
			name = Products;
			sourceTree = "<group>";
		};
		3FF324EC28EE52F0009723BA /* IOSClubProject1 */ = {
			isa = PBXGroup;
			children = (
				3FF324ED28EE52F0009723BA /* AppDelegate.swift */,
				3FF324EF28EE52F0009723BA /* SceneDelegate.swift */,
				3FF324F128EE52F0009723BA /* ViewController.swift */,
				3FF324F328EE52F0009723BA /* Main.storyboard */,
				3FF324F628EE52F4009723BA /* Assets.xcassets */,
				3FF324F828EE52F4009723BA /* LaunchScreen.storyboard */,
				3FF324FB28EE52F4009723BA /* Info.plist */,
				5F15A6B6290A0D6C004619AB /* RegisterPage.storyboard */,
			);
			path = IOSClubProject1;
			sourceTree = "<group>";
		};
		3FF3250328EE52F4009723BA /* IOSClubProject1Tests */ = {
			isa = PBXGroup;
			children = (
				3FF3250428EE52F4009723BA /* IOSClubProject1Tests.swift */,
			);
			path = IOSClubProject1Tests;
			sourceTree = "<group>";
		};
		3FF3250D28EE52F4009723BA /* IOSClubProject1UITests */ = {
			isa = PBXGroup;
			children = (
				3FF3250E28EE52F4009723BA /* IOSClubProject1UITests.swift */,
				3FF3251028EE52F4009723BA /* IOSClubProject1UITestsLaunchTests.swift */,
			);
			path = IOSClubProject1UITests;
			sourceTree = "<group>";
		};
/* End PBXGroup section */

/* Begin PBXNativeTarget section */
		3FF324E928EE52F0009723BA /* IOSClubProject1 */ = {
			isa = PBXNativeTarget;
			buildConfigurationList = 3FF3251428EE52F4009723BA /* Build configuration list for PBXNativeTarget "IOSClubProject1" */;
			buildPhases = (
				3FF324E628EE52F0009723BA /* Sources */,
				3FF324E728EE52F0009723BA /* Frameworks */,
				3FF324E828EE52F0009723BA /* Resources */,
			);
			buildRules = (
			);
			dependencies = (
			);
			name = IOSClubProject1;
			packageProductDependencies = (
				5F15A6B9290A1062004619AB /* FirebaseAuth */,
				5F15A6BB290A1062004619AB /* FirebaseAuthCombine-Community */,
				5F15A6BD290A1062004619AB /* FirebaseDatabase */,
				5F15A6BF290A1062004619AB /* FirebaseDatabaseSwift */,
				5F15A6C1290A1062004619AB /* FirebaseDynamicLinks */,
				5F15A6C3290A1062004619AB /* FirebaseFirestore */,
				5F15A6C5290A1062004619AB /* FirebaseFirestoreCombine-Community */,
				5F15A6C7290A1062004619AB /* FirebaseFirestoreSwift */,
				5F15A6C9290A1062004619AB /* FirebaseInAppMessaging-Beta */,
				5F15A6CB290A1062004619AB /* FirebaseInAppMessagingSwift-Beta */,
				5F15A6CD290A1062004619AB /* FirebaseMessaging */,
				5F15A6CF290A1062004619AB /* FirebaseStorage */,
				5F15A6D1290A1062004619AB /* FirebaseStorageCombine-Community */,
			);
			productName = IOSClubProject1;
			productReference = 3FF324EA28EE52F0009723BA /* IOSClubProject1.app */;
			productType = "com.apple.product-type.application";
		};
		3FF324FF28EE52F4009723BA /* IOSClubProject1Tests */ = {
			isa = PBXNativeTarget;
			buildConfigurationList = 3FF3251728EE52F4009723BA /* Build configuration list for PBXNativeTarget "IOSClubProject1Tests" */;
			buildPhases = (
				3FF324FC28EE52F4009723BA /* Sources */,
				3FF324FD28EE52F4009723BA /* Frameworks */,
				3FF324FE28EE52F4009723BA /* Resources */,
			);
			buildRules = (
			);
			dependencies = (
				3FF3250228EE52F4009723BA /* PBXTargetDependency */,
			);
			name = IOSClubProject1Tests;
			productName = IOSClubProject1Tests;
			productReference = 3FF3250028EE52F4009723BA /* IOSClubProject1Tests.xctest */;
			productType = "com.apple.product-type.bundle.unit-test";
		};
		3FF3250928EE52F4009723BA /* IOSClubProject1UITests */ = {
			isa = PBXNativeTarget;
			buildConfigurationList = 3FF3251A28EE52F4009723BA /* Build configuration list for PBXNativeTarget "IOSClubProject1UITests" */;
			buildPhases = (
				3FF3250628EE52F4009723BA /* Sources */,
				3FF3250728EE52F4009723BA /* Frameworks */,
				3FF3250828EE52F4009723BA /* Resources */,
			);
			buildRules = (
			);
			dependencies = (
				3FF3250C28EE52F4009723BA /* PBXTargetDependency */,
			);
			name = IOSClubProject1UITests;
			productName = IOSClubProject1UITests;
			productReference = 3FF3250A28EE52F4009723BA /* IOSClubProject1UITests.xctest */;
			productType = "com.apple.product-type.bundle.ui-testing";
		};
/* End PBXNativeTarget section */

/* Begin PBXProject section */
		3FF324E228EE52F0009723BA /* Project object */ = {
			isa = PBXProject;
			attributes = {
				BuildIndependentTargetsInParallel = 1;
				LastSwiftUpdateCheck = 1400;
				LastUpgradeCheck = 1400;
				TargetAttributes = {
					3FF324E928EE52F0009723BA = {
						CreatedOnToolsVersion = 14.0.1;
					};
					3FF324FF28EE52F4009723BA = {
						CreatedOnToolsVersion = 14.0.1;
						TestTargetID = 3FF324E928EE52F0009723BA;
					};
					3FF3250928EE52F4009723BA = {
						CreatedOnToolsVersion = 14.0.1;
						TestTargetID = 3FF324E928EE52F0009723BA;
					};
				};
			};
			buildConfigurationList = 3FF324E528EE52F0009723BA /* Build configuration list for PBXProject "IOSClubProject1" */;
			compatibilityVersion = "Xcode 14.0";
			developmentRegion = en;
			hasScannedForEncodings = 0;
			knownRegions = (
				en,
				Base,
			);
			mainGroup = 3FF324E128EE52F0009723BA;
			packageReferences = (
				5F15A6B8290A1062004619AB /* XCRemoteSwiftPackageReference "firebase-ios-sdk" */,
			);
			productRefGroup = 3FF324EB28EE52F0009723BA /* Products */;
			projectDirPath = "";
			projectRoot = "";
			targets = (
				3FF324E928EE52F0009723BA /* IOSClubProject1 */,
				3FF324FF28EE52F4009723BA /* IOSClubProject1Tests */,
				3FF3250928EE52F4009723BA /* IOSClubProject1UITests */,
			);
		};
/* End PBXProject section */

/* Begin PBXResourcesBuildPhase section */
		3FF324E828EE52F0009723BA /* Resources */ = {
			isa = PBXResourcesBuildPhase;
			buildActionMask = 2147483647;
			files = (
				5F15A6B7290A0D6C004619AB /* RegisterPage.storyboard in Resources */,
				3FF324FA28EE52F4009723BA /* LaunchScreen.storyboard in Resources */,
				3FF324F728EE52F4009723BA /* Assets.xcassets in Resources */,
				3FF324F528EE52F0009723BA /* Main.storyboard in Resources */,
			);
			runOnlyForDeploymentPostprocessing = 0;
		};
		3FF324FE28EE52F4009723BA /* Resources */ = {
			isa = PBXResourcesBuildPhase;
			buildActionMask = 2147483647;
			files = (
			);
			runOnlyForDeploymentPostprocessing = 0;
		};
		3FF3250828EE52F4009723BA /* Resources */ = {
			isa = PBXResourcesBuildPhase;
			buildActionMask = 2147483647;
			files = (
			);
			runOnlyForDeploymentPostprocessing = 0;
		};
/* End PBXResourcesBuildPhase section */

/* Begin PBXSourcesBuildPhase section */
		3FF324E628EE52F0009723BA /* Sources */ = {
			isa = PBXSourcesBuildPhase;
			buildActionMask = 2147483647;
			files = (
				3FF324F228EE52F0009723BA /* ViewController.swift in Sources */,
				3FF324EE28EE52F0009723BA /* AppDelegate.swift in Sources */,
				3FF324F028EE52F0009723BA /* SceneDelegate.swift in Sources */,
			);
			runOnlyForDeploymentPostprocessing = 0;
		};
		3FF324FC28EE52F4009723BA /* Sources */ = {
			isa = PBXSourcesBuildPhase;
			buildActionMask = 2147483647;
			files = (
				3FF3250528EE52F4009723BA /* IOSClubProject1Tests.swift in Sources */,
			);
			runOnlyForDeploymentPostprocessing = 0;
		};
		3FF3250628EE52F4009723BA /* Sources */ = {
			isa = PBXSourcesBuildPhase;
			buildActionMask = 2147483647;
			files = (
				3FF3251128EE52F4009723BA /* IOSClubProject1UITestsLaunchTests.swift in Sources */,
				3FF3250F28EE52F4009723BA /* IOSClubProject1UITests.swift in Sources */,
			);
			runOnlyForDeploymentPostprocessing = 0;
		};
/* End PBXSourcesBuildPhase section */

/* Begin PBXTargetDependency section */
		3FF3250228EE52F4009723BA /* PBXTargetDependency */ = {
			isa = PBXTargetDependency;
			target = 3FF324E928EE52F0009723BA /* IOSClubProject1 */;
			targetProxy = 3FF3250128EE52F4009723BA /* PBXContainerItemProxy */;
		};
		3FF3250C28EE52F4009723BA /* PBXTargetDependency */ = {
			isa = PBXTargetDependency;
			target = 3FF324E928EE52F0009723BA /* IOSClubProject1 */;
			targetProxy = 3FF3250B28EE52F4009723BA /* PBXContainerItemProxy */;
		};
/* End PBXTargetDependency section */

/* Begin PBXVariantGroup section */
		3FF324F328EE52F0009723BA /* Main.storyboard */ = {
			isa = PBXVariantGroup;
			children = (
				3FF324F428EE52F0009723BA /* Base */,
			);
			name = Main.storyboard;
			sourceTree = "<group>";
		};
		3FF324F828EE52F4009723BA /* LaunchScreen.storyboard */ = {
			isa = PBXVariantGroup;
			children = (
				3FF324F928EE52F4009723BA /* Base */,
			);
			name = LaunchScreen.storyboard;
			sourceTree = "<group>";
		};
/* End PBXVariantGroup section */

/* Begin XCBuildConfiguration section */
		3FF3251228EE52F4009723BA /* Debug */ = {
			isa = XCBuildConfiguration;
			buildSettings = {
				ALWAYS_SEARCH_USER_PATHS = NO;
				CLANG_ANALYZER_NONNULL = YES;
				CLANG_ANALYZER_NUMBER_OBJECT_CONVERSION = YES_AGGRESSIVE;
				CLANG_CXX_LANGUAGE_STANDARD = "gnu++20";
				CLANG_ENABLE_MODULES = YES;
				CLANG_ENABLE_OBJC_ARC = YES;
				CLANG_ENABLE_OBJC_WEAK = YES;
				CLANG_WARN_BLOCK_CAPTURE_AUTORELEASING = YES;
				CLANG_WARN_BOOL_CONVERSION = YES;
				CLANG_WARN_COMMA = YES;
				CLANG_WARN_CONSTANT_CONVERSION = YES;
				CLANG_WARN_DEPRECATED_OBJC_IMPLEMENTATIONS = YES;
				CLANG_WARN_DIRECT_OBJC_ISA_USAGE = YES_ERROR;
				CLANG_WARN_DOCUMENTATION_COMMENTS = YES;
				CLANG_WARN_EMPTY_BODY = YES;
				CLANG_WARN_ENUM_CONVERSION = YES;
				CLANG_WARN_INFINITE_RECURSION = YES;
				CLANG_WARN_INT_CONVERSION = YES;
				CLANG_WARN_NON_LITERAL_NULL_CONVERSION = YES;
				CLANG_WARN_OBJC_IMPLICIT_RETAIN_SELF = YES;
				CLANG_WARN_OBJC_LITERAL_CONVERSION = YES;
				CLANG_WARN_OBJC_ROOT_CLASS = YES_ERROR;
				CLANG_WARN_QUOTED_INCLUDE_IN_FRAMEWORK_HEADER = YES;
				CLANG_WARN_RANGE_LOOP_ANALYSIS = YES;
				CLANG_WARN_STRICT_PROTOTYPES = YES;
				CLANG_WARN_SUSPICIOUS_MOVE = YES;
				CLANG_WARN_UNGUARDED_AVAILABILITY = YES_AGGRESSIVE;
				CLANG_WARN_UNREACHABLE_CODE = YES;
				CLANG_WARN__DUPLICATE_METHOD_MATCH = YES;
				COPY_PHASE_STRIP = NO;
				DEBUG_INFORMATION_FORMAT = dwarf;
				ENABLE_STRICT_OBJC_MSGSEND = YES;
				ENABLE_TESTABILITY = YES;
				GCC_C_LANGUAGE_STANDARD = gnu11;
				GCC_DYNAMIC_NO_PIC = NO;
				GCC_NO_COMMON_BLOCKS = YES;
				GCC_OPTIMIZATION_LEVEL = 0;
				GCC_PREPROCESSOR_DEFINITIONS = (
					"DEBUG=1",
					"$(inherited)",
				);
				GCC_WARN_64_TO_32_BIT_CONVERSION = YES;
				GCC_WARN_ABOUT_RETURN_TYPE = YES_ERROR;
				GCC_WARN_UNDECLARED_SELECTOR = YES;
				GCC_WARN_UNINITIALIZED_AUTOS = YES_AGGRESSIVE;
				GCC_WARN_UNUSED_FUNCTION = YES;
				GCC_WARN_UNUSED_VARIABLE = YES;
				IPHONEOS_DEPLOYMENT_TARGET = 16.0;
				MTL_ENABLE_DEBUG_INFO = INCLUDE_SOURCE;
				MTL_FAST_MATH = YES;
				ONLY_ACTIVE_ARCH = YES;
				SDKROOT = iphoneos;
				SWIFT_ACTIVE_COMPILATION_CONDITIONS = DEBUG;
				SWIFT_OPTIMIZATION_LEVEL = "-Onone";
			};
			name = Debug;
		};
		3FF3251328EE52F4009723BA /* Release */ = {
			isa = XCBuildConfiguration;
			buildSettings = {
				ALWAYS_SEARCH_USER_PATHS = NO;
				CLANG_ANALYZER_NONNULL = YES;
				CLANG_ANALYZER_NUMBER_OBJECT_CONVERSION = YES_AGGRESSIVE;
				CLANG_CXX_LANGUAGE_STANDARD = "gnu++20";
				CLANG_ENABLE_MODULES = YES;
				CLANG_ENABLE_OBJC_ARC = YES;
				CLANG_ENABLE_OBJC_WEAK = YES;
				CLANG_WARN_BLOCK_CAPTURE_AUTORELEASING = YES;
				CLANG_WARN_BOOL_CONVERSION = YES;
				CLANG_WARN_COMMA = YES;
				CLANG_WARN_CONSTANT_CONVERSION = YES;
				CLANG_WARN_DEPRECATED_OBJC_IMPLEMENTATIONS = YES;
				CLANG_WARN_DIRECT_OBJC_ISA_USAGE = YES_ERROR;
				CLANG_WARN_DOCUMENTATION_COMMENTS = YES;
				CLANG_WARN_EMPTY_BODY = YES;
				CLANG_WARN_ENUM_CONVERSION = YES;
				CLANG_WARN_INFINITE_RECURSION = YES;
				CLANG_WARN_INT_CONVERSION = YES;
				CLANG_WARN_NON_LITERAL_NULL_CONVERSION = YES;
				CLANG_WARN_OBJC_IMPLICIT_RETAIN_SELF = YES;
				CLANG_WARN_OBJC_LITERAL_CONVERSION = YES;
				CLANG_WARN_OBJC_ROOT_CLASS = YES_ERROR;
				CLANG_WARN_QUOTED_INCLUDE_IN_FRAMEWORK_HEADER = YES;
				CLANG_WARN_RANGE_LOOP_ANALYSIS = YES;
				CLANG_WARN_STRICT_PROTOTYPES = YES;
				CLANG_WARN_SUSPICIOUS_MOVE = YES;
				CLANG_WARN_UNGUARDED_AVAILABILITY = YES_AGGRESSIVE;
				CLANG_WARN_UNREACHABLE_CODE = YES;
				CLANG_WARN__DUPLICATE_METHOD_MATCH = YES;
				COPY_PHASE_STRIP = NO;
				DEBUG_INFORMATION_FORMAT = "dwarf-with-dsym";
				ENABLE_NS_ASSERTIONS = NO;
				ENABLE_STRICT_OBJC_MSGSEND = YES;
				GCC_C_LANGUAGE_STANDARD = gnu11;
				GCC_NO_COMMON_BLOCKS = YES;
				GCC_WARN_64_TO_32_BIT_CONVERSION = YES;
				GCC_WARN_ABOUT_RETURN_TYPE = YES_ERROR;
				GCC_WARN_UNDECLARED_SELECTOR = YES;
				GCC_WARN_UNINITIALIZED_AUTOS = YES_AGGRESSIVE;
				GCC_WARN_UNUSED_FUNCTION = YES;
				GCC_WARN_UNUSED_VARIABLE = YES;
				IPHONEOS_DEPLOYMENT_TARGET = 16.0;
				MTL_ENABLE_DEBUG_INFO = NO;
				MTL_FAST_MATH = YES;
				SDKROOT = iphoneos;
				SWIFT_COMPILATION_MODE = wholemodule;
				SWIFT_OPTIMIZATION_LEVEL = "-O";
				VALIDATE_PRODUCT = YES;
			};
			name = Release;
		};
		3FF3251528EE52F4009723BA /* Debug */ = {
			isa = XCBuildConfiguration;
			buildSettings = {
				ASSETCATALOG_COMPILER_APPICON_NAME = AppIcon;
				ASSETCATALOG_COMPILER_GLOBAL_ACCENT_COLOR_NAME = AccentColor;
				CODE_SIGN_STYLE = Automatic;
				CURRENT_PROJECT_VERSION = 1;
				DEVELOPMENT_TEAM = NWH5H4SV8F;
				GENERATE_INFOPLIST_FILE = YES;
				INFOPLIST_FILE = IOSClubProject1/Info.plist;
				INFOPLIST_KEY_UIApplicationSupportsIndirectInputEvents = YES;
				INFOPLIST_KEY_UILaunchStoryboardName = LaunchScreen;
				INFOPLIST_KEY_UIMainStoryboardFile = Main;
				INFOPLIST_KEY_UISupportedInterfaceOrientations_iPad = "UIInterfaceOrientationPortrait UIInterfaceOrientationPortraitUpsideDown UIInterfaceOrientationLandscapeLeft UIInterfaceOrientationLandscapeRight";
				INFOPLIST_KEY_UISupportedInterfaceOrientations_iPhone = "UIInterfaceOrientationPortrait UIInterfaceOrientationLandscapeLeft UIInterfaceOrientationLandscapeRight";
				IPHONEOS_DEPLOYMENT_TARGET = 14.0;
				LD_RUNPATH_SEARCH_PATHS = (
					"$(inherited)",
					"@executable_path/Frameworks",
				);
				MARKETING_VERSION = 1.0;
				PRODUCT_BUNDLE_IDENTIFIER = Alex.IOSClubProject1;
				PRODUCT_NAME = "$(TARGET_NAME)";
				SWIFT_EMIT_LOC_STRINGS = YES;
				SWIFT_VERSION = 5.0;
				TARGETED_DEVICE_FAMILY = "1,2";
			};
			name = Debug;
		};
		3FF3251628EE52F4009723BA /* Release */ = {
			isa = XCBuildConfiguration;
			buildSettings = {
				ASSETCATALOG_COMPILER_APPICON_NAME = AppIcon;
				ASSETCATALOG_COMPILER_GLOBAL_ACCENT_COLOR_NAME = AccentColor;
				CODE_SIGN_STYLE = Automatic;
				CURRENT_PROJECT_VERSION = 1;
				DEVELOPMENT_TEAM = NWH5H4SV8F;
				GENERATE_INFOPLIST_FILE = YES;
				INFOPLIST_FILE = IOSClubProject1/Info.plist;
				INFOPLIST_KEY_UIApplicationSupportsIndirectInputEvents = YES;
				INFOPLIST_KEY_UILaunchStoryboardName = LaunchScreen;
				INFOPLIST_KEY_UIMainStoryboardFile = Main;
				INFOPLIST_KEY_UISupportedInterfaceOrientations_iPad = "UIInterfaceOrientationPortrait UIInterfaceOrientationPortraitUpsideDown UIInterfaceOrientationLandscapeLeft UIInterfaceOrientationLandscapeRight";
				INFOPLIST_KEY_UISupportedInterfaceOrientations_iPhone = "UIInterfaceOrientationPortrait UIInterfaceOrientationLandscapeLeft UIInterfaceOrientationLandscapeRight";
				IPHONEOS_DEPLOYMENT_TARGET = 14.0;
				LD_RUNPATH_SEARCH_PATHS = (
					"$(inherited)",
					"@executable_path/Frameworks",
				);
				MARKETING_VERSION = 1.0;
				PRODUCT_BUNDLE_IDENTIFIER = Alex.IOSClubProject1;
				PRODUCT_NAME = "$(TARGET_NAME)";
				SWIFT_EMIT_LOC_STRINGS = YES;
				SWIFT_VERSION = 5.0;
				TARGETED_DEVICE_FAMILY = "1,2";
			};
			name = Release;
		};
		3FF3251828EE52F4009723BA /* Debug */ = {
			isa = XCBuildConfiguration;
			buildSettings = {
				ALWAYS_EMBED_SWIFT_STANDARD_LIBRARIES = YES;
				BUNDLE_LOADER = "$(TEST_HOST)";
				CODE_SIGN_STYLE = Automatic;
				CURRENT_PROJECT_VERSION = 1;
				DEVELOPMENT_TEAM = NWH5H4SV8F;
				GENERATE_INFOPLIST_FILE = YES;
				IPHONEOS_DEPLOYMENT_TARGET = 16.0;
				MARKETING_VERSION = 1.0;
				PRODUCT_BUNDLE_IDENTIFIER = Alex.IOSClubProject1Tests;
				PRODUCT_NAME = "$(TARGET_NAME)";
				SWIFT_EMIT_LOC_STRINGS = NO;
				SWIFT_VERSION = 5.0;
				TARGETED_DEVICE_FAMILY = "1,2";
				TEST_HOST = "$(BUILT_PRODUCTS_DIR)/IOSClubProject1.app/$(BUNDLE_EXECUTABLE_FOLDER_PATH)/IOSClubProject1";
			};
			name = Debug;
		};
		3FF3251928EE52F4009723BA /* Release */ = {
			isa = XCBuildConfiguration;
			buildSettings = {
				ALWAYS_EMBED_SWIFT_STANDARD_LIBRARIES = YES;
				BUNDLE_LOADER = "$(TEST_HOST)";
				CODE_SIGN_STYLE = Automatic;
				CURRENT_PROJECT_VERSION = 1;
				DEVELOPMENT_TEAM = NWH5H4SV8F;
				GENERATE_INFOPLIST_FILE = YES;
				IPHONEOS_DEPLOYMENT_TARGET = 16.0;
				MARKETING_VERSION = 1.0;
				PRODUCT_BUNDLE_IDENTIFIER = Alex.IOSClubProject1Tests;
				PRODUCT_NAME = "$(TARGET_NAME)";
				SWIFT_EMIT_LOC_STRINGS = NO;
				SWIFT_VERSION = 5.0;
				TARGETED_DEVICE_FAMILY = "1,2";
				TEST_HOST = "$(BUILT_PRODUCTS_DIR)/IOSClubProject1.app/$(BUNDLE_EXECUTABLE_FOLDER_PATH)/IOSClubProject1";
			};
			name = Release;
		};
		3FF3251B28EE52F4009723BA /* Debug */ = {
			isa = XCBuildConfiguration;
			buildSettings = {
				ALWAYS_EMBED_SWIFT_STANDARD_LIBRARIES = YES;
				CODE_SIGN_STYLE = Automatic;
				CURRENT_PROJECT_VERSION = 1;
				DEVELOPMENT_TEAM = NWH5H4SV8F;
				GENERATE_INFOPLIST_FILE = YES;
				MARKETING_VERSION = 1.0;
				PRODUCT_BUNDLE_IDENTIFIER = Alex.IOSClubProject1UITests;
				PRODUCT_NAME = "$(TARGET_NAME)";
				SWIFT_EMIT_LOC_STRINGS = NO;
				SWIFT_VERSION = 5.0;
				TARGETED_DEVICE_FAMILY = "1,2";
				TEST_TARGET_NAME = IOSClubProject1;
			};
			name = Debug;
		};
		3FF3251C28EE52F4009723BA /* Release */ = {
			isa = XCBuildConfiguration;
			buildSettings = {
				ALWAYS_EMBED_SWIFT_STANDARD_LIBRARIES = YES;
				CODE_SIGN_STYLE = Automatic;
				CURRENT_PROJECT_VERSION = 1;
				DEVELOPMENT_TEAM = NWH5H4SV8F;
				GENERATE_INFOPLIST_FILE = YES;
				MARKETING_VERSION = 1.0;
				PRODUCT_BUNDLE_IDENTIFIER = Alex.IOSClubProject1UITests;
				PRODUCT_NAME = "$(TARGET_NAME)";
				SWIFT_EMIT_LOC_STRINGS = NO;
				SWIFT_VERSION = 5.0;
				TARGETED_DEVICE_FAMILY = "1,2";
				TEST_TARGET_NAME = IOSClubProject1;
			};
			name = Release;
		};
/* End XCBuildConfiguration section */

/* Begin XCConfigurationList section */
		3FF324E528EE52F0009723BA /* Build configuration list for PBXProject "IOSClubProject1" */ = {
			isa = XCConfigurationList;
			buildConfigurations = (
				3FF3251228EE52F4009723BA /* Debug */,
				3FF3251328EE52F4009723BA /* Release */,
			);
			defaultConfigurationIsVisible = 0;
			defaultConfigurationName = Release;
		};
		3FF3251428EE52F4009723BA /* Build configuration list for PBXNativeTarget "IOSClubProject1" */ = {
			isa = XCConfigurationList;
			buildConfigurations = (
				3FF3251528EE52F4009723BA /* Debug */,
				3FF3251628EE52F4009723BA /* Release */,
			);
			defaultConfigurationIsVisible = 0;
			defaultConfigurationName = Release;
		};
		3FF3251728EE52F4009723BA /* Build configuration list for PBXNativeTarget "IOSClubProject1Tests" */ = {
			isa = XCConfigurationList;
			buildConfigurations = (
				3FF3251828EE52F4009723BA /* Debug */,
				3FF3251928EE52F4009723BA /* Release */,
			);
			defaultConfigurationIsVisible = 0;
			defaultConfigurationName = Release;
		};
		3FF3251A28EE52F4009723BA /* Build configuration list for PBXNativeTarget "IOSClubProject1UITests" */ = {
			isa = XCConfigurationList;
			buildConfigurations = (
				3FF3251B28EE52F4009723BA /* Debug */,
				3FF3251C28EE52F4009723BA /* Release */,
			);
			defaultConfigurationIsVisible = 0;
			defaultConfigurationName = Release;
		};
/* End XCConfigurationList section */

/* Begin XCRemoteSwiftPackageReference section */
		5F15A6B8290A1062004619AB /* XCRemoteSwiftPackageReference "firebase-ios-sdk" */ = {
			isa = XCRemoteSwiftPackageReference;
			repositoryURL = "https://github.com/firebase/firebase-ios-sdk";
			requirement = {
				kind = upToNextMajorVersion;
				minimumVersion = 9.0.0;
			};
		};
/* End XCRemoteSwiftPackageReference section */

/* Begin XCSwiftPackageProductDependency section */
		5F15A6B9290A1062004619AB /* FirebaseAuth */ = {
			isa = XCSwiftPackageProductDependency;
			package = 5F15A6B8290A1062004619AB /* XCRemoteSwiftPackageReference "firebase-ios-sdk" */;
			productName = FirebaseAuth;
		};
		5F15A6BB290A1062004619AB /* FirebaseAuthCombine-Community */ = {
			isa = XCSwiftPackageProductDependency;
			package = 5F15A6B8290A1062004619AB /* XCRemoteSwiftPackageReference "firebase-ios-sdk" */;
			productName = "FirebaseAuthCombine-Community";
		};
		5F15A6BD290A1062004619AB /* FirebaseDatabase */ = {
			isa = XCSwiftPackageProductDependency;
			package = 5F15A6B8290A1062004619AB /* XCRemoteSwiftPackageReference "firebase-ios-sdk" */;
			productName = FirebaseDatabase;
		};
		5F15A6BF290A1062004619AB /* FirebaseDatabaseSwift */ = {
			isa = XCSwiftPackageProductDependency;
			package = 5F15A6B8290A1062004619AB /* XCRemoteSwiftPackageReference "firebase-ios-sdk" */;
			productName = FirebaseDatabaseSwift;
		};
		5F15A6C1290A1062004619AB /* FirebaseDynamicLinks */ = {
			isa = XCSwiftPackageProductDependency;
			package = 5F15A6B8290A1062004619AB /* XCRemoteSwiftPackageReference "firebase-ios-sdk" */;
			productName = FirebaseDynamicLinks;
		};
		5F15A6C3290A1062004619AB /* FirebaseFirestore */ = {
			isa = XCSwiftPackageProductDependency;
			package = 5F15A6B8290A1062004619AB /* XCRemoteSwiftPackageReference "firebase-ios-sdk" */;
			productName = FirebaseFirestore;
		};
		5F15A6C5290A1062004619AB /* FirebaseFirestoreCombine-Community */ = {
			isa = XCSwiftPackageProductDependency;
			package = 5F15A6B8290A1062004619AB /* XCRemoteSwiftPackageReference "firebase-ios-sdk" */;
			productName = "FirebaseFirestoreCombine-Community";
		};
		5F15A6C7290A1062004619AB /* FirebaseFirestoreSwift */ = {
			isa = XCSwiftPackageProductDependency;
			package = 5F15A6B8290A1062004619AB /* XCRemoteSwiftPackageReference "firebase-ios-sdk" */;
			productName = FirebaseFirestoreSwift;
		};
		5F15A6C9290A1062004619AB /* FirebaseInAppMessaging-Beta */ = {
			isa = XCSwiftPackageProductDependency;
			package = 5F15A6B8290A1062004619AB /* XCRemoteSwiftPackageReference "firebase-ios-sdk" */;
			productName = "FirebaseInAppMessaging-Beta";
		};
		5F15A6CB290A1062004619AB /* FirebaseInAppMessagingSwift-Beta */ = {
			isa = XCSwiftPackageProductDependency;
			package = 5F15A6B8290A1062004619AB /* XCRemoteSwiftPackageReference "firebase-ios-sdk" */;
			productName = "FirebaseInAppMessagingSwift-Beta";
		};
		5F15A6CD290A1062004619AB /* FirebaseMessaging */ = {
			isa = XCSwiftPackageProductDependency;
			package = 5F15A6B8290A1062004619AB /* XCRemoteSwiftPackageReference "firebase-ios-sdk" */;
			productName = FirebaseMessaging;
		};
		5F15A6CF290A1062004619AB /* FirebaseStorage */ = {
			isa = XCSwiftPackageProductDependency;
			package = 5F15A6B8290A1062004619AB /* XCRemoteSwiftPackageReference "firebase-ios-sdk" */;
			productName = FirebaseStorage;
		};
		5F15A6D1290A1062004619AB /* FirebaseStorageCombine-Community */ = {
			isa = XCSwiftPackageProductDependency;
			package = 5F15A6B8290A1062004619AB /* XCRemoteSwiftPackageReference "firebase-ios-sdk" */;
			productName = "FirebaseStorageCombine-Community";
		};
/* End XCSwiftPackageProductDependency section */
	};
	rootObject = 3FF324E228EE52F0009723BA /* Project object */;
}
